
Microsoft Visual Studio Solution File, Format Version 12.00
# Visual Studio Version 16
VisualStudioVersion = 16.0.29411.108
MinimumVisualStudioVersion = 10.0.40219.1
Project("{FAE04EC0-301F-11D3-BF4B-00C04F79EFBC}") = "BookListRazor.Web", "BookListRazor.Web\BookListRazor.Web.csproj", "{0DB38E7B-5D58-4809-BF2F-FF494D2C6067}"
EndProject
Global
	GlobalSection(SolutionConfigurationPlatforms) = preSolution
		Debug|Any CPU = Debug|Any CPU
		Release|Any CPU = Release|Any CPU
	EndGlobalSection
	GlobalSection(ProjectConfigurationPlatforms) = postSolution
		{0DB38E7B-5D58-4809-BF2F-FF494D2C6067}.Debug|Any CPU.ActiveCfg = Debug|Any CPU
		{0DB38E7B-5D58-4809-BF2F-FF494D2C6067}.Debug|Any CPU.Build.0 = Debug|Any CPU
		{0DB38E7B-5D58-4809-BF2F-FF494D2C6067}.Release|Any CPU.ActiveCfg = Release|Any CPU
		{0DB38E7B-5D58-4809-BF2F-FF494D2C6067}.Release|Any CPU.Build.0 = Release|Any CPU
	EndGlobalSection
	GlobalSection(SolutionProperties) = preSolution
		HideSolutionNode = FALSE
	EndGlobalSection
	GlobalSection(ExtensibilityGlobals) = postSolution
		SolutionGuid = {4240CF9D-802E-4CE4-8884-612E6D52A846}
	EndGlobalSection
EndGlobal
